
Microsoft Visual Studio Solution File, Format Version 12.00
# Visual Studio Version 17
VisualStudioVersion = 17.10.35122.118
MinimumVisualStudioVersion = 10.0.40219.1
Project("{FAE04EC0-301F-11D3-BF4B-00C04F79EFBC}") = "printBackground", "printBackground.csproj", "{733C6E0C-FEDE-4EAE-9CE4-27F6E5EBDE82}"
EndProject
Global
	GlobalSection(SolutionConfigurationPlatforms) = preSolution
		Debug|Any CPU = Debug|Any CPU
		Release|Any CPU = Release|Any CPU
	EndGlobalSection
	GlobalSection(ProjectConfigurationPlatforms) = postSolution
		{733C6E0C-FEDE-4EAE-9CE4-27F6E5EBDE82}.Debug|Any CPU.ActiveCfg = Debug|Any CPU
		{733C6E0C-FEDE-4EAE-9CE4-27F6E5EBDE82}.Debug|Any CPU.Build.0 = Debug|Any CPU
		{733C6E0C-FEDE-4EAE-9CE4-27F6E5EBDE82}.Release|Any CPU.ActiveCfg = Release|Any CPU
		{733C6E0C-FEDE-4EAE-9CE4-27F6E5EBDE82}.Release|Any CPU.Build.0 = Release|Any CPU
	EndGlobalSection
	GlobalSection(SolutionProperties) = preSolution
		HideSolutionNode = FALSE
	EndGlobalSection
	GlobalSection(ExtensibilityGlobals) = postSolution
		SolutionGuid = {95DC803A-C16B-4939-8B01-69F14C9C829E}
	EndGlobalSection
EndGlobal
